
Microsoft Visual Studio Solution File, Format Version 12.00
# Visual Studio 15
VisualStudioVersion = 15.0.26730.16
MinimumVisualStudioVersion = 10.0.40219.1
Project("{8BC9CEB8-8B4A-11D0-8D11-00A0C91BC942}") = "Training", "Training\Training.vcxproj", "{3F45EC47-CBE0-4057-A256-D29A9F124F37}"
EndProject
Global
	GlobalSection(SolutionConfigurationPlatforms) = preSolution
		Debug|x64 = Debug|x64
		Debug|x86 = Debug|x86
		Release|x64 = Release|x64
		Release|x86 = Release|x86
	EndGlobalSection
	GlobalSection(ProjectConfigurationPlatforms) = postSolution
		{3F45EC47-CBE0-4057-A256-D29A9F124F37}.Debug|x64.ActiveCfg = Debug|x64
		{3F45EC47-CBE0-4057-A256-D29A9F124F37}.Debug|x64.Build.0 = Debug|x64
		{3F45EC47-CBE0-4057-A256-D29A9F124F37}.Debug|x86.ActiveCfg = Debug|Win32
		{3F45EC47-CBE0-4057-A256-D29A9F124F37}.Debug|x86.Build.0 = Debug|Win32
		{3F45EC47-CBE0-4057-A256-D29A9F124F37}.Release|x64.ActiveCfg = Release|x64
		{3F45EC47-CBE0-4057-A256-D29A9F124F37}.Release|x64.Build.0 = Release|x64
		{3F45EC47-CBE0-4057-A256-D29A9F124F37}.Release|x86.ActiveCfg = Release|Win32
		{3F45EC47-CBE0-4057-A256-D29A9F124F37}.Release|x86.Build.0 = Release|Win32
	EndGlobalSection
	GlobalSection(SolutionProperties) = preSolution
		HideSolutionNode = FALSE
	EndGlobalSection
	GlobalSection(ExtensibilityGlobals) = postSolution
		SolutionGuid = {E0B9D6FB-0AFE-4BAE-85EF-DE49D95B6AF9}
	EndGlobalSection
EndGlobal
